
Microsoft Visual Studio Solution File, Format Version 12.00
# Visual Studio Version 16
VisualStudioVersion = 16.0.31729.503
MinimumVisualStudioVersion = 10.0.40219.1
Project("{9A19103F-16F7-4668-BE54-9A1E7A4F7556}") = "Web", "VV Market Pull\Web.csproj", "{F836D919-C213-4CF8-865B-B983FC42F747}"
EndProject
Project("{9A19103F-16F7-4668-BE54-9A1E7A4F7556}") = "DataAccess", "test\DataAccess.csproj", "{FCDBF22B-C39C-41E5-BC0B-6C041F357D16}"
EndProject
Project("{9A19103F-16F7-4668-BE54-9A1E7A4F7556}") = "Application", "Application\Application.csproj", "{4881E19C-545E-4D24-AE26-A77BC4BBA641}"
EndProject
Project("{9A19103F-16F7-4668-BE54-9A1E7A4F7556}") = "Core", "Core\Core.csproj", "{C23A1D5D-9242-439F-9452-B080F11B9F18}"
EndProject
Project("{9A19103F-16F7-4668-BE54-9A1E7A4F7556}") = "MarketData", "MarketData\MarketData.csproj", "{9488F4A6-566C-443E-8E39-F7FD1DDA2F4E}"
EndProject
Project("{9A19103F-16F7-4668-BE54-9A1E7A4F7556}") = "TelegramBot", "TelegramBot\TelegramBot.csproj", "{DBC63B01-9484-47B2-B31A-E93AECD0343B}"
EndProject
Project("{FAE04EC0-301F-11D3-BF4B-00C04F79EFBC}") = "VVMarketData", "VVMarketData\VVMarketData.csproj", "{9C7DCBF5-E8B9-47E5-8A5C-96932F777D42}"
EndProject
Project("{FAE04EC0-301F-11D3-BF4B-00C04F79EFBC}") = "YoHeroMarketData", "YoHeroMarketData\YoHeroMarketData.csproj", "{058F45F8-6B3E-49B0-8D2E-BA88124470FD}"
EndProject
Global
	GlobalSection(SolutionConfigurationPlatforms) = preSolution
		Debug|Any CPU = Debug|Any CPU
		Release|Any CPU = Release|Any CPU
	EndGlobalSection
	GlobalSection(ProjectConfigurationPlatforms) = postSolution
		{F836D919-C213-4CF8-865B-B983FC42F747}.Debug|Any CPU.ActiveCfg = Debug|Any CPU
		{F836D919-C213-4CF8-865B-B983FC42F747}.Debug|Any CPU.Build.0 = Debug|Any CPU
		{F836D919-C213-4CF8-865B-B983FC42F747}.Release|Any CPU.ActiveCfg = Release|Any CPU
		{F836D919-C213-4CF8-865B-B983FC42F747}.Release|Any CPU.Build.0 = Release|Any CPU
		{FCDBF22B-C39C-41E5-BC0B-6C041F357D16}.Debug|Any CPU.ActiveCfg = Debug|Any CPU
		{FCDBF22B-C39C-41E5-BC0B-6C041F357D16}.Debug|Any CPU.Build.0 = Debug|Any CPU
		{FCDBF22B-C39C-41E5-BC0B-6C041F357D16}.Release|Any CPU.ActiveCfg = Release|Any CPU
		{FCDBF22B-C39C-41E5-BC0B-6C041F357D16}.Release|Any CPU.Build.0 = Release|Any CPU
		{4881E19C-545E-4D24-AE26-A77BC4BBA641}.Debug|Any CPU.ActiveCfg = Debug|Any CPU
		{4881E19C-545E-4D24-AE26-A77BC4BBA641}.Debug|Any CPU.Build.0 = Debug|Any CPU
		{4881E19C-545E-4D24-AE26-A77BC4BBA641}.Release|Any CPU.ActiveCfg = Release|Any CPU
		{4881E19C-545E-4D24-AE26-A77BC4BBA641}.Release|Any CPU.Build.0 = Release|Any CPU
		{C23A1D5D-9242-439F-9452-B080F11B9F18}.Debug|Any CPU.ActiveCfg = Debug|Any CPU
		{C23A1D5D-9242-439F-9452-B080F11B9F18}.Debug|Any CPU.Build.0 = Debug|Any CPU
		{C23A1D5D-9242-439F-9452-B080F11B9F18}.Release|Any CPU.ActiveCfg = Release|Any CPU
		{C23A1D5D-9242-439F-9452-B080F11B9F18}.Release|Any CPU.Build.0 = Release|Any CPU
		{9488F4A6-566C-443E-8E39-F7FD1DDA2F4E}.Debug|Any CPU.ActiveCfg = Debug|Any CPU
		{9488F4A6-566C-443E-8E39-F7FD1DDA2F4E}.Debug|Any CPU.Build.0 = Debug|Any CPU
		{9488F4A6-566C-443E-8E39-F7FD1DDA2F4E}.Release|Any CPU.ActiveCfg = Release|Any CPU
		{9488F4A6-566C-443E-8E39-F7FD1DDA2F4E}.Release|Any CPU.Build.0 = Release|Any CPU
		{DBC63B01-9484-47B2-B31A-E93AECD0343B}.Debug|Any CPU.ActiveCfg = Debug|Any CPU
		{DBC63B01-9484-47B2-B31A-E93AECD0343B}.Debug|Any CPU.Build.0 = Debug|Any CPU
		{DBC63B01-9484-47B2-B31A-E93AECD0343B}.Release|Any CPU.ActiveCfg = Release|Any CPU
		{DBC63B01-9484-47B2-B31A-E93AECD0343B}.Release|Any CPU.Build.0 = Release|Any CPU
		{9C7DCBF5-E8B9-47E5-8A5C-96932F777D42}.Debug|Any CPU.ActiveCfg = Debug|Any CPU
		{9C7DCBF5-E8B9-47E5-8A5C-96932F777D42}.Debug|Any CPU.Build.0 = Debug|Any CPU
		{9C7DCBF5-E8B9-47E5-8A5C-96932F777D42}.Release|Any CPU.ActiveCfg = Release|Any CPU
		{9C7DCBF5-E8B9-47E5-8A5C-96932F777D42}.Release|Any CPU.Build.0 = Release|Any CPU
		{058F45F8-6B3E-49B0-8D2E-BA88124470FD}.Debug|Any CPU.ActiveCfg = Debug|Any CPU
		{058F45F8-6B3E-49B0-8D2E-BA88124470FD}.Debug|Any CPU.Build.0 = Debug|Any CPU
		{058F45F8-6B3E-49B0-8D2E-BA88124470FD}.Release|Any CPU.ActiveCfg = Release|Any CPU
		{058F45F8-6B3E-49B0-8D2E-BA88124470FD}.Release|Any CPU.Build.0 = Release|Any CPU
	EndGlobalSection
	GlobalSection(SolutionProperties) = preSolution
		HideSolutionNode = FALSE
	EndGlobalSection
	GlobalSection(ExtensibilityGlobals) = postSolution
		SolutionGuid = {A0614AFF-F788-4341-A994-6A02A1D7E218}
	EndGlobalSection
EndGlobal
